{
  "name": "evmcompiler",
  "version": "0.0.1alpha",
  "lockfileVersion": 1,
  "requires": true,
  "dependencies": {
    "colors": {
      "version": "0.6.2",
      "resolved": "https://registry.npmjs.org/colors/-/colors-0.6.2.tgz",
      "integrity": "sha1-JCP+ZnisDF2uiFLl0OW+CMmXq8w=",
      "dev": true
    },
    "geast": {
      "version": "0.0.6",
      "resolved": "https://registry.npmjs.org/geast/-/geast-0.0.6.tgz",
      "integrity": "sha512-CoMTfZ/+X7IWp9aYSjH2Fq6glZu471oedVz4vGeZ9d5x20guHhnNMgKfRIVo3tI+493ak9u26irarXFauDfE4w==",
      "dev": true
    },
    "gelex": {
      "version": "0.0.4",
      "resolved": "https://registry.npmjs.org/gelex/-/gelex-0.0.4.tgz",
      "integrity": "sha512-quCqw1WoYpD/z2F3cAh4+I6ysXXAiciZPFLhUO4sErv+ayIfxHfVfs0fpS9zdIIsFnwiBigqqqlrpGtTH4Q0ZA==",
      "dev": true
    },
    "simpleunit": {
      "version": "0.0.8",
      "resolved": "https://registry.npmjs.org/simpleunit/-/simpleunit-0.0.8.tgz",
      "integrity": "sha512-TDf+AlyvV5Z+c/FGgLxsOvpIaN4ExaSE79XvOcYSGNHLoOnZ1GpfvENyuL/T3j5bIQxlxPag7kvA5C0so7ZN2w==",
      "dev": true,
      "requires": {
        "colors": "0.6.x"
      }
    }
  }
}
